
Microsoft Visual Studio Solution File, Format Version 12.00
# Visual Studio 2013
VisualStudioVersion = 12.0.30218.0
MinimumVisualStudioVersion = 10.0.40219.1
Project("{2150E333-8FDC-42A3-9474-1A3956D46DE8}") = "Build2014App", "Build2014App", "{E2068334-74E8-45EA-B800-87D23E075053}"
EndProject
Project("{D954291E-2A0B-460D-934E-DC6B0785DB48}") = "Build2014App.Shared", "Build2014App\Build2014App.Shared\Build2014App.Shared.shproj", "{7C1D50D6-61F9-4136-ACDB-1282F5444BA5}"
EndProject
Project("{FAE04EC0-301F-11D3-BF4B-00C04F79EFBC}") = "Build2014App.Windows", "Build2014App\Build2014App.Windows\Build2014App.Windows.csproj", "{9E17467F-276F-411E-B109-3DDA844B4D6D}"
EndProject
Project("{FAE04EC0-301F-11D3-BF4B-00C04F79EFBC}") = "Build2014App.WindowsPhone", "Build2014App\Build2014App.WindowsPhone\Build2014App.WindowsPhone.csproj", "{B6CA68B0-07AC-4210-8829-B8A359DA6560}"
EndProject
Global
	GlobalSection(SharedMSBuildProjectFiles) = preSolution
		Build2014App\Build2014App.Shared\Build2014App.Shared.projitems*{9e17467f-276f-411e-b109-3dda844b4d6d}*SharedItemsImports = 4
		Build2014App\Build2014App.Shared\Build2014App.Shared.projitems*{b6ca68b0-07ac-4210-8829-b8a359da6560}*SharedItemsImports = 4
		Build2014App\Build2014App.Shared\Build2014App.Shared.projitems*{7c1d50d6-61f9-4136-acdb-1282f5444ba5}*SharedItemsImports = 13
	EndGlobalSection
	GlobalSection(SolutionConfigurationPlatforms) = preSolution
		Debug|Any CPU = Debug|Any CPU
		Debug|ARM = Debug|ARM
		Debug|x64 = Debug|x64
		Debug|x86 = Debug|x86
		Release|Any CPU = Release|Any CPU
		Release|ARM = Release|ARM
		Release|x64 = Release|x64
		Release|x86 = Release|x86
	EndGlobalSection
	GlobalSection(ProjectConfigurationPlatforms) = postSolution
		{9E17467F-276F-411E-B109-3DDA844B4D6D}.Debug|Any CPU.ActiveCfg = Debug|Any CPU
		{9E17467F-276F-411E-B109-3DDA844B4D6D}.Debug|Any CPU.Build.0 = Debug|Any CPU
		{9E17467F-276F-411E-B109-3DDA844B4D6D}.Debug|Any CPU.Deploy.0 = Debug|Any CPU
		{9E17467F-276F-411E-B109-3DDA844B4D6D}.Debug|ARM.ActiveCfg = Debug|ARM
		{9E17467F-276F-411E-B109-3DDA844B4D6D}.Debug|ARM.Build.0 = Debug|ARM
		{9E17467F-276F-411E-B109-3DDA844B4D6D}.Debug|ARM.Deploy.0 = Debug|ARM
		{9E17467F-276F-411E-B109-3DDA844B4D6D}.Debug|x64.ActiveCfg = Debug|x64
		{9E17467F-276F-411E-B109-3DDA844B4D6D}.Debug|x64.Build.0 = Debug|x64
		{9E17467F-276F-411E-B109-3DDA844B4D6D}.Debug|x64.Deploy.0 = Debug|x64
		{9E17467F-276F-411E-B109-3DDA844B4D6D}.Debug|x86.ActiveCfg = Debug|x86
		{9E17467F-276F-411E-B109-3DDA844B4D6D}.Debug|x86.Build.0 = Debug|x86
		{9E17467F-276F-411E-B109-3DDA844B4D6D}.Debug|x86.Deploy.0 = Debug|x86
		{9E17467F-276F-411E-B109-3DDA844B4D6D}.Release|Any CPU.ActiveCfg = Release|Any CPU
		{9E17467F-276F-411E-B109-3DDA844B4D6D}.Release|Any CPU.Build.0 = Release|Any CPU
		{9E17467F-276F-411E-B109-3DDA844B4D6D}.Release|Any CPU.Deploy.0 = Release|Any CPU
		{9E17467F-276F-411E-B109-3DDA844B4D6D}.Release|ARM.ActiveCfg = Release|ARM
		{9E17467F-276F-411E-B109-3DDA844B4D6D}.Release|ARM.Build.0 = Release|ARM
		{9E17467F-276F-411E-B109-3DDA844B4D6D}.Release|ARM.Deploy.0 = Release|ARM
		{9E17467F-276F-411E-B109-3DDA844B4D6D}.Release|x64.ActiveCfg = Release|x64
		{9E17467F-276F-411E-B109-3DDA844B4D6D}.Release|x64.Build.0 = Release|x64
		{9E17467F-276F-411E-B109-3DDA844B4D6D}.Release|x64.Deploy.0 = Release|x64
		{9E17467F-276F-411E-B109-3DDA844B4D6D}.Release|x86.ActiveCfg = Release|x86
		{9E17467F-276F-411E-B109-3DDA844B4D6D}.Release|x86.Build.0 = Release|x86
		{9E17467F-276F-411E-B109-3DDA844B4D6D}.Release|x86.Deploy.0 = Release|x86
		{B6CA68B0-07AC-4210-8829-B8A359DA6560}.Debug|Any CPU.ActiveCfg = Debug|Any CPU
		{B6CA68B0-07AC-4210-8829-B8A359DA6560}.Debug|Any CPU.Build.0 = Debug|Any CPU
		{B6CA68B0-07AC-4210-8829-B8A359DA6560}.Debug|Any CPU.Deploy.0 = Debug|Any CPU
		{B6CA68B0-07AC-4210-8829-B8A359DA6560}.Debug|ARM.ActiveCfg = Debug|ARM
		{B6CA68B0-07AC-4210-8829-B8A359DA6560}.Debug|ARM.Build.0 = Debug|ARM
		{B6CA68B0-07AC-4210-8829-B8A359DA6560}.Debug|ARM.Deploy.0 = Debug|ARM
		{B6CA68B0-07AC-4210-8829-B8A359DA6560}.Debug|x64.ActiveCfg = Debug|Any CPU
		{B6CA68B0-07AC-4210-8829-B8A359DA6560}.Debug|x86.ActiveCfg = Debug|x86
		{B6CA68B0-07AC-4210-8829-B8A359DA6560}.Debug|x86.Build.0 = Debug|x86
		{B6CA68B0-07AC-4210-8829-B8A359DA6560}.Debug|x86.Deploy.0 = Debug|x86
		{B6CA68B0-07AC-4210-8829-B8A359DA6560}.Release|Any CPU.ActiveCfg = Release|Any CPU
		{B6CA68B0-07AC-4210-8829-B8A359DA6560}.Release|Any CPU.Build.0 = Release|Any CPU
		{B6CA68B0-07AC-4210-8829-B8A359DA6560}.Release|Any CPU.Deploy.0 = Release|Any CPU
		{B6CA68B0-07AC-4210-8829-B8A359DA6560}.Release|ARM.ActiveCfg = Release|ARM
		{B6CA68B0-07AC-4210-8829-B8A359DA6560}.Release|ARM.Build.0 = Release|ARM
		{B6CA68B0-07AC-4210-8829-B8A359DA6560}.Release|ARM.Deploy.0 = Release|ARM
		{B6CA68B0-07AC-4210-8829-B8A359DA6560}.Release|x64.ActiveCfg = Release|Any CPU
		{B6CA68B0-07AC-4210-8829-B8A359DA6560}.Release|x86.ActiveCfg = Release|x86
		{B6CA68B0-07AC-4210-8829-B8A359DA6560}.Release|x86.Build.0 = Release|x86
		{B6CA68B0-07AC-4210-8829-B8A359DA6560}.Release|x86.Deploy.0 = Release|x86
	EndGlobalSection
	GlobalSection(SolutionProperties) = preSolution
		HideSolutionNode = FALSE
	EndGlobalSection
	GlobalSection(NestedProjects) = preSolution
		{7C1D50D6-61F9-4136-ACDB-1282F5444BA5} = {E2068334-74E8-45EA-B800-87D23E075053}
		{9E17467F-276F-411E-B109-3DDA844B4D6D} = {E2068334-74E8-45EA-B800-87D23E075053}
		{B6CA68B0-07AC-4210-8829-B8A359DA6560} = {E2068334-74E8-45EA-B800-87D23E075053}
	EndGlobalSection
EndGlobal
